{
  "name": "ts-demo",
  "version": "1.0.0",
  "lockfileVersion": 1,
  "requires": true,
  "dependencies": {
    "@types/jquery": {
      "version": "3.5.6",
      "resolved": "https://registry.npmjs.org/@types/jquery/-/jquery-3.5.6.tgz",
      "integrity": "sha512-SmgCQRzGPId4MZQKDj9Hqc6kSXFNWZFHpELkyK8AQhf8Zr6HKfCzFv9ZC1Fv3FyQttJZOlap3qYb12h61iZAIg==",
      "dev": true,
      "requires": {
        "@types/sizzle": "*"
      }
    },
    "@types/sizzle": {
      "version": "2.3.3",
      "resolved": "https://registry.npmjs.org/@types/sizzle/-/sizzle-2.3.3.tgz",
      "integrity": "sha512-JYM8x9EGF163bEyhdJBpR2QX1R5naCJHC8ucJylJ3w9/CVBaskdQ8WqBf8MmQrd1kRvp/a4TS8HJ+bxzR7ZJYQ==",
      "dev": true
    },
    "es5-shim": {
      "version": "4.6.2",
      "resolved": "https://registry.npmjs.org/es5-shim/-/es5-shim-4.6.2.tgz",
      "integrity": "sha512-n0XTVMGps+Deyr38jtqKPR5F5hb9owYeRQcKJW39eFvzUk/u/9Ww315werRzbiNMnHCUw/YHDPBphTlEnzdi+A=="
    },
    "promise-polyfill": {
      "version": "8.2.0",
      "resolved": "https://registry.npmjs.org/promise-polyfill/-/promise-polyfill-8.2.0.tgz",
      "integrity": "sha512-k/TC0mIcPVF6yHhUvwAp7cvL6I2fFV7TzF1DuGPI8mBh4QQazf36xCKEHKTZKRysEoTQoQdKyP25J8MPJp7j5g=="
    },
    "systemjs": {
      "version": "6.10.3",
      "resolved": "https://registry.npmjs.org/systemjs/-/systemjs-6.10.3.tgz",
      "integrity": "sha512-mXwfLJdaADqWg1J5+Z0bGQEdcXSe+ePPTfzffMB29aVls5cXveRl0vneSV/19t3SfuUBsAraLP8W/g5u9cmYXA=="
    }
  }
}
